// !$*UTF8*$!
{
	archiveVersion = 1;
	classes = {
	};
	objectVersion = 50;
	objects = {

/* Begin PBXBuildFile section */
		C91EEF7B25B9960500D8A13E /* BlizzardAPITestsWithOAuth2App.swift in Sources */ = {isa = PBXBuildFile; fileRef = C91EEF7A25B9960500D8A13E /* BlizzardAPITestsWithOAuth2App.swift */; };
		C91EEF7D25B9960500D8A13E /* ContentView.swift in Sources */ = {isa = PBXBuildFile; fileRef = C91EEF7C25B9960500D8A13E /* ContentView.swift */; };
		C91EEF7F25B9960900D8A13E /* Assets.xcassets in Resources */ = {isa = PBXBuildFile; fileRef = C91EEF7E25B9960900D8A13E /* Assets.xcassets */; };
		C91EEF8225B9960900D8A13E /* Preview Assets.xcassets in Resources */ = {isa = PBXBuildFile; fileRef = C91EEF8125B9960900D8A13E /* Preview Assets.xcassets */; };
		C91EEF9125B9981700D8A13E /* AuthenticationManager.swift in Sources */ = {isa = PBXBuildFile; fileRef = C91EEF9025B9981700D8A13E /* AuthenticationManager.swift */; };
		C9598B7A25BB182E00E0253D /* AuthenticationModelController.swift in Sources */ = {isa = PBXBuildFile; fileRef = C9598B7925BB182D00E0253D /* AuthenticationModelController.swift */; };
		C9598B7F25BB18E500E0253D /* Constants.swift in Sources */ = {isa = PBXBuildFile; fileRef = C9598B7E25BB18E500E0253D /* Constants.swift */; };
		C9598B8325BB18FD00E0253D /* ModelEnums.swift in Sources */ = {isa = PBXBuildFile; fileRef = C9598B8225BB18FD00E0253D /* ModelEnums.swift */; };
		C9598B8625BB191100E0253D /* UIEnums.swift in Sources */ = {isa = PBXBuildFile; fileRef = C9598B8525BB191100E0253D /* UIEnums.swift */; };
		C9598B8A25BB1A6800E0253D /* AuthToken.swift in Sources */ = {isa = PBXBuildFile; fileRef = C9598B8925BB1A6800E0253D /* AuthToken.swift */; };
		C9598B9125BB226E00E0253D /* Extensions.swift in Sources */ = {isa = PBXBuildFile; fileRef = C9598B9025BB226E00E0253D /* Extensions.swift */; };
		C9598B9625BB24A300E0253D /* BattleNetAPI.swift in Sources */ = {isa = PBXBuildFile; fileRef = C9598B9525BB24A300E0253D /* BattleNetAPI.swift */; };
		C9598B9A25BB24D300E0253D /* WS_User.swift in Sources */ = {isa = PBXBuildFile; fileRef = C9598B9925BB24D300E0253D /* WS_User.swift */; };
		C9598B9D25BB256800E0253D /* WS_Authentication.swift in Sources */ = {isa = PBXBuildFile; fileRef = C9598B9C25BB256800E0253D /* WS_Authentication.swift */; };
		C9598BA025BB259900E0253D /* WebService.swift in Sources */ = {isa = PBXBuildFile; fileRef = C9598B9F25BB259900E0253D /* WebService.swift */; };
		C9598BA325BB25D300E0253D /* Network.swift in Sources */ = {isa = PBXBuildFile; fileRef = C9598BA225BB25D300E0253D /* Network.swift */; };
		C9598BA625BB25FF00E0253D /* WS_WorldOfWarcraft.swift in Sources */ = {isa = PBXBuildFile; fileRef = C9598BA525BB25FF00E0253D /* WS_WorldOfWarcraft.swift */; };
		C9598BA925BB263200E0253D /* HTTPError.swift in Sources */ = {isa = PBXBuildFile; fileRef = C9598BA825BB263200E0253D /* HTTPError.swift */; };
		C9598BB225BB26E800E0253D /* HTTPHeader.swift in Sources */ = {isa = PBXBuildFile; fileRef = C9598BB125BB26E800E0253D /* HTTPHeader.swift */; };
		C9598BB725BB27A700E0253D /* Result.swift in Sources */ = {isa = PBXBuildFile; fileRef = C9598BB625BB27A700E0253D /* Result.swift */; };
		C9598BBB25BB27D100E0253D /* Debug.swift in Sources */ = {isa = PBXBuildFile; fileRef = C9598BBA25BB27D100E0253D /* Debug.swift */; };
		C9598BBE25BB282100E0253D /* JSONHelper.swift in Sources */ = {isa = PBXBuildFile; fileRef = C9598BBD25BB282100E0253D /* JSONHelper.swift */; };
		C9598BC125BB28F800E0253D /* Scope.swift in Sources */ = {isa = PBXBuildFile; fileRef = C9598BC025BB28F800E0253D /* Scope.swift */; };
		C9598BC425BB295D00E0253D /* URL+Query.swift in Sources */ = {isa = PBXBuildFile; fileRef = C9598BC325BB295D00E0253D /* URL+Query.swift */; };
		C9598BC925BB2A8500E0253D /* World.swift in Sources */ = {isa = PBXBuildFile; fileRef = C9598BC825BB2A8500E0253D /* World.swift */; };
		C9598BCD25BB2B2D00E0253D /* Access.swift in Sources */ = {isa = PBXBuildFile; fileRef = C9598BCC25BB2B2D00E0253D /* Access.swift */; };
		C9598BD125BB2B7000E0253D /* ClientToken.swift in Sources */ = {isa = PBXBuildFile; fileRef = C9598BD025BB2B7000E0253D /* ClientToken.swift */; };
		C9598BD425BB2B9E00E0253D /* UserToken.swift in Sources */ = {isa = PBXBuildFile; fileRef = C9598BD325BB2B9E00E0253D /* UserToken.swift */; };
		C9598BDF25BB300E00E0253D /* HomeView.swift in Sources */ = {isa = PBXBuildFile; fileRef = C9598BDE25BB300E00E0253D /* HomeView.swift */; };
		C9598BF325BB394D00E0253D /* Locale.swift in Sources */ = {isa = PBXBuildFile; fileRef = C9598BF225BB394D00E0253D /* Locale.swift */; };
		C9598BF625BB396B00E0253D /* Media.swift in Sources */ = {isa = PBXBuildFile; fileRef = C9598BF525BB396B00E0253D /* Media.swift */; };
		C9598BF925BB398F00E0253D /* ResourceLink.swift in Sources */ = {isa = PBXBuildFile; fileRef = C9598BF825BB398F00E0253D /* ResourceLink.swift */; };
		C9598C1525BB3AF100E0253D /* MythicKeystoneAffix.swift in Sources */ = {isa = PBXBuildFile; fileRef = C9598C1425BB3AF100E0253D /* MythicKeystoneAffix.swift */; };
		C9598C5825BB3F4A00E0253D /* WorldOfWarcraftModelController.swift in Sources */ = {isa = PBXBuildFile; fileRef = C9598C5725BB3F4A00E0253D /* WorldOfWarcraftModelController.swift */; };
		C9598C5F25C0713F00E0253D /* DoNotShare.swift in Sources */ = {isa = PBXBuildFile; fileRef = C9598C5E25C0713F00E0253D /* DoNotShare.swift */; };
		C9598C6225C07A5D00E0253D /* CharacterProfile.swift in Sources */ = {isa = PBXBuildFile; fileRef = C9598C6125C07A5D00E0253D /* CharacterProfile.swift */; };
		C9598C6825C1C3DB00E0253D /* CovenantIndex.swift in Sources */ = {isa = PBXBuildFile; fileRef = C9598C6725C1C3DB00E0253D /* CovenantIndex.swift */; };
		C9598C8A25C302A700E0253D /* Strings.swift in Sources */ = {isa = PBXBuildFile; fileRef = C9598C8925C302A700E0253D /* Strings.swift */; };
		C9598C8D25C30CC200E0253D /* HomeViewModel.swift in Sources */ = {isa = PBXBuildFile; fileRef = C9598C8C25C30CC200E0253D /* HomeViewModel.swift */; };
		C9598C9425C31CA400E0253D /* ErrorHandler.swift in Sources */ = {isa = PBXBuildFile; fileRef = C9598C9325C31CA400E0253D /* ErrorHandler.swift */; };
		C9598C9725C3261400E0253D /* CovenantMainView.swift in Sources */ = {isa = PBXBuildFile; fileRef = C9598C9625C3261400E0253D /* CovenantMainView.swift */; };
		C9598C9A25C3264000E0253D /* CovenantMainViewModel.swift in Sources */ = {isa = PBXBuildFile; fileRef = C9598C9925C3264000E0253D /* CovenantMainViewModel.swift */; };
		C9598C9D25C45D9A00E0253D /* CovenantsView.swift in Sources */ = {isa = PBXBuildFile; fileRef = C9598C9C25C45D9A00E0253D /* CovenantsView.swift */; };
		C9598CA025C45DAA00E0253D /* CovenantsViewModel.swift in Sources */ = {isa = PBXBuildFile; fileRef = C9598C9F25C45DAA00E0253D /* CovenantsViewModel.swift */; };
		C9598CA425C4625200E0253D /* Modifiers.swift in Sources */ = {isa = PBXBuildFile; fileRef = C9598CA325C4625200E0253D /* Modifiers.swift */; };
		C9598CA725C4777000E0253D /* CovenantClassAbilitiesView.swift in Sources */ = {isa = PBXBuildFile; fileRef = C9598CA625C4777000E0253D /* CovenantClassAbilitiesView.swift */; };
		C9598CAA25C4779900E0253D /* CovenantClassAbilitiesViewModel.swift in Sources */ = {isa = PBXBuildFile; fileRef = C9598CA925C4779900E0253D /* CovenantClassAbilitiesViewModel.swift */; };
		C9598CAD25C488F900E0253D /* ClassAbilityView.swift in Sources */ = {isa = PBXBuildFile; fileRef = C9598CAC25C488F900E0253D /* ClassAbilityView.swift */; };
		C9598CB425CC79A800E0253D /* NavigationBar.swift in Sources */ = {isa = PBXBuildFile; fileRef = C9598CB325CC79A800E0253D /* NavigationBar.swift */; };
		C9598CB725CC7AC600E0253D /* ZStackWithBackground.swift in Sources */ = {isa = PBXBuildFile; fileRef = C9598CB625CC7AC600E0253D /* ZStackWithBackground.swift */; };
		C9598CBA25CC7B2E00E0253D /* VStackWithNavigationBar.swift in Sources */ = {isa = PBXBuildFile; fileRef = C9598CB925CC7B2E00E0253D /* VStackWithNavigationBar.swift */; };
		C9598CBE25CDB2A800E0253D /* ThickDivider.swift in Sources */ = {isa = PBXBuildFile; fileRef = C9598CBD25CDB2A800E0253D /* ThickDivider.swift */; };
/* End PBXBuildFile section */

/* Begin PBXFileReference section */
		C91EEF7725B9960500D8A13E /* BlizzardAPITestsWithOAuth2.app */ = {isa = PBXFileReference; explicitFileType = wrapper.application; includeInIndex = 0; path = BlizzardAPITestsWithOAuth2.app; sourceTree = BUILT_PRODUCTS_DIR; };
		C91EEF7A25B9960500D8A13E /* BlizzardAPITestsWithOAuth2App.swift */ = {isa = PBXFileReference; lastKnownFileType = sourcecode.swift; path = BlizzardAPITestsWithOAuth2App.swift; sourceTree = "<group>"; };
		C91EEF7C25B9960500D8A13E /* ContentView.swift */ = {isa = PBXFileReference; lastKnownFileType = sourcecode.swift; path = ContentView.swift; sourceTree = "<group>"; };
		C91EEF7E25B9960900D8A13E /* Assets.xcassets */ = {isa = PBXFileReference; lastKnownFileType = folder.assetcatalog; path = Assets.xcassets; sourceTree = "<group>"; };
		C91EEF8125B9960900D8A13E /* Preview Assets.xcassets */ = {isa = PBXFileReference; lastKnownFileType = folder.assetcatalog; path = "Preview Assets.xcassets"; sourceTree = "<group>"; };
		C91EEF8325B9960900D8A13E /* Info.plist */ = {isa = PBXFileReference; lastKnownFileType = text.plist.xml; path = Info.plist; sourceTree = "<group>"; };
		C91EEF9025B9981700D8A13E /* AuthenticationManager.swift */ = {isa = PBXFileReference; lastKnownFileType = sourcecode.swift; path = AuthenticationManager.swift; sourceTree = "<group>"; };
		C9598B7925BB182D00E0253D /* AuthenticationModelController.swift */ = {isa = PBXFileReference; lastKnownFileType = sourcecode.swift; path = AuthenticationModelController.swift; sourceTree = "<group>"; };
		C9598B7E25BB18E500E0253D /* Constants.swift */ = {isa = PBXFileReference; lastKnownFileType = sourcecode.swift; path = Constants.swift; sourceTree = "<group>"; };
		C9598B8225BB18FD00E0253D /* ModelEnums.swift */ = {isa = PBXFileReference; lastKnownFileType = sourcecode.swift; path = ModelEnums.swift; sourceTree = "<group>"; };
		C9598B8525BB191100E0253D /* UIEnums.swift */ = {isa = PBXFileReference; lastKnownFileType = sourcecode.swift; path = UIEnums.swift; sourceTree = "<group>"; };
		C9598B8925BB1A6800E0253D /* AuthToken.swift */ = {isa = PBXFileReference; lastKnownFileType = sourcecode.swift; path = AuthToken.swift; sourceTree = "<group>"; };
		C9598B9025BB226E00E0253D /* Extensions.swift */ = {isa = PBXFileReference; lastKnownFileType = sourcecode.swift; path = Extensions.swift; sourceTree = "<group>"; };
		C9598B9525BB24A300E0253D /* BattleNetAPI.swift */ = {isa = PBXFileReference; lastKnownFileType = sourcecode.swift; path = BattleNetAPI.swift; sourceTree = "<group>"; };
		C9598B9925BB24D300E0253D /* WS_User.swift */ = {isa = PBXFileReference; lastKnownFileType = sourcecode.swift; path = WS_User.swift; sourceTree = "<group>"; };
		C9598B9C25BB256800E0253D /* WS_Authentication.swift */ = {isa = PBXFileReference; lastKnownFileType = sourcecode.swift; path = WS_Authentication.swift; sourceTree = "<group>"; };
		C9598B9F25BB259900E0253D /* WebService.swift */ = {isa = PBXFileReference; lastKnownFileType = sourcecode.swift; path = WebService.swift; sourceTree = "<group>"; };
		C9598BA225BB25D300E0253D /* Network.swift */ = {isa = PBXFileReference; lastKnownFileType = sourcecode.swift; path = Network.swift; sourceTree = "<group>"; };
		C9598BA525BB25FF00E0253D /* WS_WorldOfWarcraft.swift */ = {isa = PBXFileReference; lastKnownFileType = sourcecode.swift; path = WS_WorldOfWarcraft.swift; sourceTree = "<group>"; };
		C9598BA825BB263200E0253D /* HTTPError.swift */ = {isa = PBXFileReference; lastKnownFileType = sourcecode.swift; path = HTTPError.swift; sourceTree = "<group>"; };
		C9598BB125BB26E800E0253D /* HTTPHeader.swift */ = {isa = PBXFileReference; lastKnownFileType = sourcecode.swift; path = HTTPHeader.swift; sourceTree = "<group>"; };
		C9598BB625BB27A700E0253D /* Result.swift */ = {isa = PBXFileReference; lastKnownFileType = sourcecode.swift; path = Result.swift; sourceTree = "<group>"; };
		C9598BBA25BB27D100E0253D /* Debug.swift */ = {isa = PBXFileReference; lastKnownFileType = sourcecode.swift; path = Debug.swift; sourceTree = "<group>"; };
		C9598BBD25BB282100E0253D /* JSONHelper.swift */ = {isa = PBXFileReference; lastKnownFileType = sourcecode.swift; path = JSONHelper.swift; sourceTree = "<group>"; };
		C9598BC025BB28F800E0253D /* Scope.swift */ = {isa = PBXFileReference; lastKnownFileType = sourcecode.swift; path = Scope.swift; sourceTree = "<group>"; };
		C9598BC325BB295D00E0253D /* URL+Query.swift */ = {isa = PBXFileReference; lastKnownFileType = sourcecode.swift; path = "URL+Query.swift"; sourceTree = "<group>"; };
		C9598BC825BB2A8500E0253D /* World.swift */ = {isa = PBXFileReference; lastKnownFileType = sourcecode.swift; path = World.swift; sourceTree = "<group>"; };
		C9598BCC25BB2B2D00E0253D /* Access.swift */ = {isa = PBXFileReference; lastKnownFileType = sourcecode.swift; path = Access.swift; sourceTree = "<group>"; };
		C9598BD025BB2B7000E0253D /* ClientToken.swift */ = {isa = PBXFileReference; lastKnownFileType = sourcecode.swift; path = ClientToken.swift; sourceTree = "<group>"; };
		C9598BD325BB2B9E00E0253D /* UserToken.swift */ = {isa = PBXFileReference; lastKnownFileType = sourcecode.swift; path = UserToken.swift; sourceTree = "<group>"; };
		C9598BDE25BB300E00E0253D /* HomeView.swift */ = {isa = PBXFileReference; lastKnownFileType = sourcecode.swift; path = HomeView.swift; sourceTree = "<group>"; };
		C9598BF225BB394D00E0253D /* Locale.swift */ = {isa = PBXFileReference; lastKnownFileType = sourcecode.swift; path = Locale.swift; sourceTree = "<group>"; };
		C9598BF525BB396B00E0253D /* Media.swift */ = {isa = PBXFileReference; lastKnownFileType = sourcecode.swift; path = Media.swift; sourceTree = "<group>"; };
		C9598BF825BB398F00E0253D /* ResourceLink.swift */ = {isa = PBXFileReference; lastKnownFileType = sourcecode.swift; path = ResourceLink.swift; sourceTree = "<group>"; };
		C9598C1425BB3AF100E0253D /* MythicKeystoneAffix.swift */ = {isa = PBXFileReference; lastKnownFileType = sourcecode.swift; path = MythicKeystoneAffix.swift; sourceTree = "<group>"; };
		C9598C5725BB3F4A00E0253D /* WorldOfWarcraftModelController.swift */ = {isa = PBXFileReference; lastKnownFileType = sourcecode.swift; path = WorldOfWarcraftModelController.swift; sourceTree = "<group>"; };
		C9598C5E25C0713F00E0253D /* DoNotShare.swift */ = {isa = PBXFileReference; lastKnownFileType = sourcecode.swift; path = DoNotShare.swift; sourceTree = "<group>"; };
		C9598C6125C07A5D00E0253D /* CharacterProfile.swift */ = {isa = PBXFileReference; lastKnownFileType = sourcecode.swift; path = CharacterProfile.swift; sourceTree = "<group>"; };
		C9598C6725C1C3DB00E0253D /* CovenantIndex.swift */ = {isa = PBXFileReference; lastKnownFileType = sourcecode.swift; path = CovenantIndex.swift; sourceTree = "<group>"; };
		C9598C8925C302A700E0253D /* Strings.swift */ = {isa = PBXFileReference; lastKnownFileType = sourcecode.swift; path = Strings.swift; sourceTree = "<group>"; };
		C9598C8C25C30CC200E0253D /* HomeViewModel.swift */ = {isa = PBXFileReference; lastKnownFileType = sourcecode.swift; path = HomeViewModel.swift; sourceTree = "<group>"; };
		C9598C9325C31CA400E0253D /* ErrorHandler.swift */ = {isa = PBXFileReference; lastKnownFileType = sourcecode.swift; path = ErrorHandler.swift; sourceTree = "<group>"; };
		C9598C9625C3261400E0253D /* CovenantMainView.swift */ = {isa = PBXFileReference; lastKnownFileType = sourcecode.swift; path = CovenantMainView.swift; sourceTree = "<group>"; };
		C9598C9925C3264000E0253D /* CovenantMainViewModel.swift */ = {isa = PBXFileReference; lastKnownFileType = sourcecode.swift; path = CovenantMainViewModel.swift; sourceTree = "<group>"; };
		C9598C9C25C45D9A00E0253D /* CovenantsView.swift */ = {isa = PBXFileReference; lastKnownFileType = sourcecode.swift; path = CovenantsView.swift; sourceTree = "<group>"; };
		C9598C9F25C45DAA00E0253D /* CovenantsViewModel.swift */ = {isa = PBXFileReference; lastKnownFileType = sourcecode.swift; path = CovenantsViewModel.swift; sourceTree = "<group>"; };
		C9598CA325C4625200E0253D /* Modifiers.swift */ = {isa = PBXFileReference; lastKnownFileType = sourcecode.swift; path = Modifiers.swift; sourceTree = "<group>"; };
		C9598CA625C4777000E0253D /* CovenantClassAbilitiesView.swift */ = {isa = PBXFileReference; lastKnownFileType = sourcecode.swift; path = CovenantClassAbilitiesView.swift; sourceTree = "<group>"; };
		C9598CA925C4779900E0253D /* CovenantClassAbilitiesViewModel.swift */ = {isa = PBXFileReference; lastKnownFileType = sourcecode.swift; path = CovenantClassAbilitiesViewModel.swift; sourceTree = "<group>"; };
		C9598CAC25C488F900E0253D /* ClassAbilityView.swift */ = {isa = PBXFileReference; lastKnownFileType = sourcecode.swift; path = ClassAbilityView.swift; sourceTree = "<group>"; };
		C9598CB325CC79A800E0253D /* NavigationBar.swift */ = {isa = PBXFileReference; lastKnownFileType = sourcecode.swift; path = NavigationBar.swift; sourceTree = "<group>"; };
		C9598CB625CC7AC600E0253D /* ZStackWithBackground.swift */ = {isa = PBXFileReference; lastKnownFileType = sourcecode.swift; path = ZStackWithBackground.swift; sourceTree = "<group>"; };
		C9598CB925CC7B2E00E0253D /* VStackWithNavigationBar.swift */ = {isa = PBXFileReference; lastKnownFileType = sourcecode.swift; path = VStackWithNavigationBar.swift; sourceTree = "<group>"; };
		C9598CBD25CDB2A800E0253D /* ThickDivider.swift */ = {isa = PBXFileReference; lastKnownFileType = sourcecode.swift; path = ThickDivider.swift; sourceTree = "<group>"; };
/* End PBXFileReference section */

/* Begin PBXFrameworksBuildPhase section */
		C91EEF7425B9960500D8A13E /* Frameworks */ = {
			isa = PBXFrameworksBuildPhase;
			buildActionMask = 2147483647;
			files = (
			);
			runOnlyForDeploymentPostprocessing = 0;
		};
/* End PBXFrameworksBuildPhase section */

/* Begin PBXGroup section */
		C91EEF6E25B9960500D8A13E = {
			isa = PBXGroup;
			children = (
				C91EEF7925B9960500D8A13E /* BlizzardAPITestsWithOAuth2 */,
				C91EEF7825B9960500D8A13E /* Products */,
			);
			sourceTree = "<group>";
		};
		C91EEF7825B9960500D8A13E /* Products */ = {
			isa = PBXGroup;
			children = (
				C91EEF7725B9960500D8A13E /* BlizzardAPITestsWithOAuth2.app */,
			);
			name = Products;
			sourceTree = "<group>";
		};
		C91EEF7925B9960500D8A13E /* BlizzardAPITestsWithOAuth2 */ = {
			isa = PBXGroup;
			children = (
				C9598BB525BB278700E0253D /* Utilities */,
				C9598B9425BB248100E0253D /* Network */,
				C9598B7D25BB18A300E0253D /* Common */,
				C9598BDB25BB2F9D00E0253D /* UI */,
				C91EEF7A25B9960500D8A13E /* BlizzardAPITestsWithOAuth2App.swift */,
				C91EEF7C25B9960500D8A13E /* ContentView.swift */,
				C91EEF7E25B9960900D8A13E /* Assets.xcassets */,
				C91EEF8325B9960900D8A13E /* Info.plist */,
				C91EEF8025B9960900D8A13E /* Preview Content */,
			);
			path = BlizzardAPITestsWithOAuth2;
			sourceTree = "<group>";
		};
		C91EEF8025B9960900D8A13E /* Preview Content */ = {
			isa = PBXGroup;
			children = (
				C91EEF8125B9960900D8A13E /* Preview Assets.xcassets */,
			);
			path = "Preview Content";
			sourceTree = "<group>";
		};
		C91EEF8E25B997BC00D8A13E /* Auth */ = {
			isa = PBXGroup;
			children = (
				C91EEF9025B9981700D8A13E /* AuthenticationManager.swift */,
				C9598B8925BB1A6800E0253D /* AuthToken.swift */,
			);
			path = Auth;
			sourceTree = "<group>";
		};
		C91EEF8F25B997CA00D8A13E /* Constants */ = {
			isa = PBXGroup;
			children = (
				C9598B7E25BB18E500E0253D /* Constants.swift */,
				C9598C5E25C0713F00E0253D /* DoNotShare.swift */,
				C9598B8225BB18FD00E0253D /* ModelEnums.swift */,
				C9598B8525BB191100E0253D /* UIEnums.swift */,
				C9598C8925C302A700E0253D /* Strings.swift */,
			);
			path = Constants;
			sourceTree = "<group>";
		};
		C9598B7825BB180D00E0253D /* Controllers */ = {
			isa = PBXGroup;
			children = (
				C9598B7925BB182D00E0253D /* AuthenticationModelController.swift */,
				C9598C5725BB3F4A00E0253D /* WorldOfWarcraftModelController.swift */,
			);
			path = Controllers;
			sourceTree = "<group>";
		};
		C9598B7D25BB18A300E0253D /* Common */ = {
			isa = PBXGroup;
			children = (
				C9598BED25BB391100E0253D /* Shared */,
				C9598BD625BB2C2200E0253D /* WoW */,
				C9598B8F25BB224D00E0253D /* Extensions */,
				C91EEF8F25B997CA00D8A13E /* Constants */,
				C9598B7825BB180D00E0253D /* Controllers */,
				C91EEF8E25B997BC00D8A13E /* Auth */,
				C9598BCB25BB2B0800E0253D /* Network */,
				C9598BC825BB2A8500E0253D /* World.swift */,
			);
			path = Common;
			sourceTree = "<group>";
		};
		C9598B8F25BB224D00E0253D /* Extensions */ = {
			isa = PBXGroup;
			children = (
				C9598B9025BB226E00E0253D /* Extensions.swift */,
			);
			path = Extensions;
			sourceTree = "<group>";
		};
		C9598B9425BB248100E0253D /* Network */ = {
			isa = PBXGroup;
			children = (
				C9598B9525BB24A300E0253D /* BattleNetAPI.swift */,
				C9598BA825BB263200E0253D /* HTTPError.swift */,
				C9598BB125BB26E800E0253D /* HTTPHeader.swift */,
				C9598B9C25BB256800E0253D /* WS_Authentication.swift */,
				C9598BA225BB25D300E0253D /* Network.swift */,
				C9598B9F25BB259900E0253D /* WebService.swift */,
				C9598B9925BB24D300E0253D /* WS_User.swift */,
				C9598BA525BB25FF00E0253D /* WS_WorldOfWarcraft.swift */,
			);
			path = Network;
			sourceTree = "<group>";
		};
		C9598BB525BB278700E0253D /* Utilities */ = {
			isa = PBXGroup;
			children = (
				C9598BB625BB27A700E0253D /* Result.swift */,
				C9598BC325BB295D00E0253D /* URL+Query.swift */,
				C9598BBD25BB282100E0253D /* JSONHelper.swift */,
				C9598BBA25BB27D100E0253D /* Debug.swift */,
				C9598C9325C31CA400E0253D /* ErrorHandler.swift */,
			);
			path = Utilities;
			sourceTree = "<group>";
		};
		C9598BCB25BB2B0800E0253D /* Network */ = {
			isa = PBXGroup;
			children = (
				C9598BCC25BB2B2D00E0253D /* Access.swift */,
				C9598BD025BB2B7000E0253D /* ClientToken.swift */,
				C9598BC025BB28F800E0253D /* Scope.swift */,
				C9598BD325BB2B9E00E0253D /* UserToken.swift */,
			);
			path = Network;
			sourceTree = "<group>";
		};
		C9598BD625BB2C2200E0253D /* WoW */ = {
			isa = PBXGroup;
			children = (
				C9598C6125C07A5D00E0253D /* CharacterProfile.swift */,
				C9598C6725C1C3DB00E0253D /* CovenantIndex.swift */,
				C9598C1425BB3AF100E0253D /* MythicKeystoneAffix.swift */,
			);
			path = WoW;
			sourceTree = "<group>";
		};
		C9598BDB25BB2F9D00E0253D /* UI */ = {
			isa = PBXGroup;
			children = (
				C9598CA225C461E300E0253D /* Modifiers */,
				C9598BDC25BB2FBA00E0253D /* Views */,
				C9598BDD25BB2FC200E0253D /* Screens */,
			);
			path = UI;
			sourceTree = "<group>";
		};
		C9598BDC25BB2FBA00E0253D /* Views */ = {
			isa = PBXGroup;
			children = (
				C9598CAC25C488F900E0253D /* ClassAbilityView.swift */,
				C9598CBD25CDB2A800E0253D /* ThickDivider.swift */,
				C9598CB325CC79A800E0253D /* NavigationBar.swift */,
				C9598CB625CC7AC600E0253D /* ZStackWithBackground.swift */,
				C9598CB925CC7B2E00E0253D /* VStackWithNavigationBar.swift */,
			);
			path = Views;
			sourceTree = "<group>";
		};
		C9598BDD25BB2FC200E0253D /* Screens */ = {
			isa = PBXGroup;
			children = (
				C9598BDE25BB300E00E0253D /* HomeView.swift */,
				C9598C8C25C30CC200E0253D /* HomeViewModel.swift */,
				C9598C9C25C45D9A00E0253D /* CovenantsView.swift */,
				C9598C9F25C45DAA00E0253D /* CovenantsViewModel.swift */,
				C9598C9625C3261400E0253D /* CovenantMainView.swift */,
				C9598C9925C3264000E0253D /* CovenantMainViewModel.swift */,
				C9598CA625C4777000E0253D /* CovenantClassAbilitiesView.swift */,
				C9598CA925C4779900E0253D /* CovenantClassAbilitiesViewModel.swift */,
			);
			path = Screens;
			sourceTree = "<group>";
		};
		C9598BED25BB391100E0253D /* Shared */ = {
			isa = PBXGroup;
			children = (
				C9598BF225BB394D00E0253D /* Locale.swift */,
				C9598BF525BB396B00E0253D /* Media.swift */,
				C9598BF825BB398F00E0253D /* ResourceLink.swift */,
			);
			path = Shared;
			sourceTree = "<group>";
		};
		C9598CA225C461E300E0253D /* Modifiers */ = {
			isa = PBXGroup;
			children = (
				C9598CA325C4625200E0253D /* Modifiers.swift */,
			);
			path = Modifiers;
			sourceTree = "<group>";
		};
/* End PBXGroup section */

/* Begin PBXNativeTarget section */
		C91EEF7625B9960500D8A13E /* BlizzardAPITestsWithOAuth2 */ = {
			isa = PBXNativeTarget;
			buildConfigurationList = C91EEF8625B9960900D8A13E /* Build configuration list for PBXNativeTarget "BlizzardAPITestsWithOAuth2" */;
			buildPhases = (
				C91EEF7325B9960500D8A13E /* Sources */,
				C91EEF7425B9960500D8A13E /* Frameworks */,
				C91EEF7525B9960500D8A13E /* Resources */,
			);
			buildRules = (
			);
			dependencies = (
			);
			name = BlizzardAPITestsWithOAuth2;
			packageProductDependencies = (
			);
			productName = BlizzardAPITestsWithOAuth2;
			productReference = C91EEF7725B9960500D8A13E /* BlizzardAPITestsWithOAuth2.app */;
			productType = "com.apple.product-type.application";
		};
/* End PBXNativeTarget section */

/* Begin PBXProject section */
		C91EEF6F25B9960500D8A13E /* Project object */ = {
			isa = PBXProject;
			attributes = {
				LastSwiftUpdateCheck = 1220;
				LastUpgradeCheck = 1220;
				TargetAttributes = {
					C91EEF7625B9960500D8A13E = {
						CreatedOnToolsVersion = 12.2;
					};
				};
			};
			buildConfigurationList = C91EEF7225B9960500D8A13E /* Build configuration list for PBXProject "BlizzardAPITestsWithOAuth2" */;
			compatibilityVersion = "Xcode 9.3";
			developmentRegion = en;
			hasScannedForEncodings = 0;
			knownRegions = (
				en,
				Base,
			);
			mainGroup = C91EEF6E25B9960500D8A13E;
			packageReferences = (
			);
			productRefGroup = C91EEF7825B9960500D8A13E /* Products */;
			projectDirPath = "";
			projectRoot = "";
			targets = (
				C91EEF7625B9960500D8A13E /* BlizzardAPITestsWithOAuth2 */,
			);
		};
/* End PBXProject section */

/* Begin PBXResourcesBuildPhase section */
		C91EEF7525B9960500D8A13E /* Resources */ = {
			isa = PBXResourcesBuildPhase;
			buildActionMask = 2147483647;
			files = (
				C91EEF8225B9960900D8A13E /* Preview Assets.xcassets in Resources */,
				C91EEF7F25B9960900D8A13E /* Assets.xcassets in Resources */,
			);
			runOnlyForDeploymentPostprocessing = 0;
		};
/* End PBXResourcesBuildPhase section */

/* Begin PBXSourcesBuildPhase section */
		C91EEF7325B9960500D8A13E /* Sources */ = {
			isa = PBXSourcesBuildPhase;
			buildActionMask = 2147483647;
			files = (
				C9598C8A25C302A700E0253D /* Strings.swift in Sources */,
				C9598B7F25BB18E500E0253D /* Constants.swift in Sources */,
				C91EEF7D25B9960500D8A13E /* ContentView.swift in Sources */,
				C9598BA025BB259900E0253D /* WebService.swift in Sources */,
				C9598CAA25C4779900E0253D /* CovenantClassAbilitiesViewModel.swift in Sources */,
				C9598CB725CC7AC600E0253D /* ZStackWithBackground.swift in Sources */,
				C9598BA625BB25FF00E0253D /* WS_WorldOfWarcraft.swift in Sources */,
				C9598BC425BB295D00E0253D /* URL+Query.swift in Sources */,
				C9598CA725C4777000E0253D /* CovenantClassAbilitiesView.swift in Sources */,
				C91EEF7B25B9960500D8A13E /* BlizzardAPITestsWithOAuth2App.swift in Sources */,
				C9598CAD25C488F900E0253D /* ClassAbilityView.swift in Sources */,
				C9598BC925BB2A8500E0253D /* World.swift in Sources */,
				C9598B9D25BB256800E0253D /* WS_Authentication.swift in Sources */,
				C9598BF625BB396B00E0253D /* Media.swift in Sources */,
				C9598C9D25C45D9A00E0253D /* CovenantsView.swift in Sources */,
				C9598C1525BB3AF100E0253D /* MythicKeystoneAffix.swift in Sources */,
				C9598CA425C4625200E0253D /* Modifiers.swift in Sources */,
				C9598C5F25C0713F00E0253D /* DoNotShare.swift in Sources */,
				C9598BF925BB398F00E0253D /* ResourceLink.swift in Sources */,
				C9598C9A25C3264000E0253D /* CovenantMainViewModel.swift in Sources */,
				C9598BA325BB25D300E0253D /* Network.swift in Sources */,
				C9598C6225C07A5D00E0253D /* CharacterProfile.swift in Sources */,
				C91EEF9125B9981700D8A13E /* AuthenticationManager.swift in Sources */,
				C9598B8325BB18FD00E0253D /* ModelEnums.swift in Sources */,
				C9598C6825C1C3DB00E0253D /* CovenantIndex.swift in Sources */,
				C9598C9425C31CA400E0253D /* ErrorHandler.swift in Sources */,
				C9598B9125BB226E00E0253D /* Extensions.swift in Sources */,
				C9598CBA25CC7B2E00E0253D /* VStackWithNavigationBar.swift in Sources */,
				C9598C8D25C30CC200E0253D /* HomeViewModel.swift in Sources */,
				C9598BDF25BB300E00E0253D /* HomeView.swift in Sources */,
				C9598BCD25BB2B2D00E0253D /* Access.swift in Sources */,
				C9598C9725C3261400E0253D /* CovenantMainView.swift in Sources */,
				C9598BB225BB26E800E0253D /* HTTPHeader.swift in Sources */,
				C9598BBE25BB282100E0253D /* JSONHelper.swift in Sources */,
				C9598BD425BB2B9E00E0253D /* UserToken.swift in Sources */,
				C9598CA025C45DAA00E0253D /* CovenantsViewModel.swift in Sources */,
				C9598BBB25BB27D100E0253D /* Debug.swift in Sources */,
				C9598CB425CC79A800E0253D /* NavigationBar.swift in Sources */,
				C9598B8A25BB1A6800E0253D /* AuthToken.swift in Sources */,
				C9598BC125BB28F800E0253D /* Scope.swift in Sources */,
				C9598B9A25BB24D300E0253D /* WS_User.swift in Sources */,
				C9598B7A25BB182E00E0253D /* AuthenticationModelController.swift in Sources */,
				C9598B9625BB24A300E0253D /* BattleNetAPI.swift in Sources */,
				C9598BD125BB2B7000E0253D /* ClientToken.swift in Sources */,
				C9598B8625BB191100E0253D /* UIEnums.swift in Sources */,
				C9598BB725BB27A700E0253D /* Result.swift in Sources */,
				C9598BA925BB263200E0253D /* HTTPError.swift in Sources */,
				C9598CBE25CDB2A800E0253D /* ThickDivider.swift in Sources */,
				C9598C5825BB3F4A00E0253D /* WorldOfWarcraftModelController.swift in Sources */,
				C9598BF325BB394D00E0253D /* Locale.swift in Sources */,
			);
			runOnlyForDeploymentPostprocessing = 0;
		};
/* End PBXSourcesBuildPhase section */

/* Begin XCBuildConfiguration section */
		C91EEF8425B9960900D8A13E /* Debug */ = {
			isa = XCBuildConfiguration;
			buildSettings = {
				ALWAYS_SEARCH_USER_PATHS = NO;
				CLANG_ANALYZER_NONNULL = YES;
				CLANG_ANALYZER_NUMBER_OBJECT_CONVERSION = YES_AGGRESSIVE;
				CLANG_CXX_LANGUAGE_STANDARD = "gnu++14";
				CLANG_CXX_LIBRARY = "libc++";
				CLANG_ENABLE_MODULES = YES;
				CLANG_ENABLE_OBJC_ARC = YES;
				CLANG_ENABLE_OBJC_WEAK = YES;
				CLANG_WARN_BLOCK_CAPTURE_AUTORELEASING = YES;
				CLANG_WARN_BOOL_CONVERSION = YES;
				CLANG_WARN_COMMA = YES;
				CLANG_WARN_CONSTANT_CONVERSION = YES;
				CLANG_WARN_DEPRECATED_OBJC_IMPLEMENTATIONS = YES;
				CLANG_WARN_DIRECT_OBJC_ISA_USAGE = YES_ERROR;
				CLANG_WARN_DOCUMENTATION_COMMENTS = YES;
				CLANG_WARN_EMPTY_BODY = YES;
				CLANG_WARN_ENUM_CONVERSION = YES;
				CLANG_WARN_INFINITE_RECURSION = YES;
				CLANG_WARN_INT_CONVERSION = YES;
				CLANG_WARN_NON_LITERAL_NULL_CONVERSION = YES;
				CLANG_WARN_OBJC_IMPLICIT_RETAIN_SELF = YES;
				CLANG_WARN_OBJC_LITERAL_CONVERSION = YES;
				CLANG_WARN_OBJC_ROOT_CLASS = YES_ERROR;
				CLANG_WARN_QUOTED_INCLUDE_IN_FRAMEWORK_HEADER = YES;
				CLANG_WARN_RANGE_LOOP_ANALYSIS = YES;
				CLANG_WARN_STRICT_PROTOTYPES = YES;
				CLANG_WARN_SUSPICIOUS_MOVE = YES;
				CLANG_WARN_UNGUARDED_AVAILABILITY = YES_AGGRESSIVE;
				CLANG_WARN_UNREACHABLE_CODE = YES;
				CLANG_WARN__DUPLICATE_METHOD_MATCH = YES;
				COPY_PHASE_STRIP = NO;
				DEBUG_INFORMATION_FORMAT = dwarf;
				ENABLE_STRICT_OBJC_MSGSEND = YES;
				ENABLE_TESTABILITY = YES;
				GCC_C_LANGUAGE_STANDARD = gnu11;
				GCC_DYNAMIC_NO_PIC = NO;
				GCC_NO_COMMON_BLOCKS = YES;
				GCC_OPTIMIZATION_LEVEL = 0;
				GCC_PREPROCESSOR_DEFINITIONS = (
					"DEBUG=1",
					"$(inherited)",
				);
				GCC_WARN_64_TO_32_BIT_CONVERSION = YES;
				GCC_WARN_ABOUT_RETURN_TYPE = YES_ERROR;
				GCC_WARN_UNDECLARED_SELECTOR = YES;
				GCC_WARN_UNINITIALIZED_AUTOS = YES_AGGRESSIVE;
				GCC_WARN_UNUSED_FUNCTION = YES;
				GCC_WARN_UNUSED_VARIABLE = YES;
				IPHONEOS_DEPLOYMENT_TARGET = 14.2;
				MTL_ENABLE_DEBUG_INFO = INCLUDE_SOURCE;
				MTL_FAST_MATH = YES;
				ONLY_ACTIVE_ARCH = YES;
				SDKROOT = iphoneos;
				SWIFT_ACTIVE_COMPILATION_CONDITIONS = DEBUG;
				SWIFT_OPTIMIZATION_LEVEL = "-Onone";
			};
			name = Debug;
		};
		C91EEF8525B9960900D8A13E /* Release */ = {
			isa = XCBuildConfiguration;
			buildSettings = {
				ALWAYS_SEARCH_USER_PATHS = NO;
				CLANG_ANALYZER_NONNULL = YES;
				CLANG_ANALYZER_NUMBER_OBJECT_CONVERSION = YES_AGGRESSIVE;
				CLANG_CXX_LANGUAGE_STANDARD = "gnu++14";
				CLANG_CXX_LIBRARY = "libc++";
				CLANG_ENABLE_MODULES = YES;
				CLANG_ENABLE_OBJC_ARC = YES;
				CLANG_ENABLE_OBJC_WEAK = YES;
				CLANG_WARN_BLOCK_CAPTURE_AUTORELEASING = YES;
				CLANG_WARN_BOOL_CONVERSION = YES;
				CLANG_WARN_COMMA = YES;
				CLANG_WARN_CONSTANT_CONVERSION = YES;
				CLANG_WARN_DEPRECATED_OBJC_IMPLEMENTATIONS = YES;
				CLANG_WARN_DIRECT_OBJC_ISA_USAGE = YES_ERROR;
				CLANG_WARN_DOCUMENTATION_COMMENTS = YES;
				CLANG_WARN_EMPTY_BODY = YES;
				CLANG_WARN_ENUM_CONVERSION = YES;
				CLANG_WARN_INFINITE_RECURSION = YES;
				CLANG_WARN_INT_CONVERSION = YES;
				CLANG_WARN_NON_LITERAL_NULL_CONVERSION = YES;
				CLANG_WARN_OBJC_IMPLICIT_RETAIN_SELF = YES;
				CLANG_WARN_OBJC_LITERAL_CONVERSION = YES;
				CLANG_WARN_OBJC_ROOT_CLASS = YES_ERROR;
				CLANG_WARN_QUOTED_INCLUDE_IN_FRAMEWORK_HEADER = YES;
				CLANG_WARN_RANGE_LOOP_ANALYSIS = YES;
				CLANG_WARN_STRICT_PROTOTYPES = YES;
				CLANG_WARN_SUSPICIOUS_MOVE = YES;
				CLANG_WARN_UNGUARDED_AVAILABILITY = YES_AGGRESSIVE;
				CLANG_WARN_UNREACHABLE_CODE = YES;
				CLANG_WARN__DUPLICATE_METHOD_MATCH = YES;
				COPY_PHASE_STRIP = NO;
				DEBUG_INFORMATION_FORMAT = "dwarf-with-dsym";
				ENABLE_NS_ASSERTIONS = NO;
				ENABLE_STRICT_OBJC_MSGSEND = YES;
				GCC_C_LANGUAGE_STANDARD = gnu11;
				GCC_NO_COMMON_BLOCKS = YES;
				GCC_WARN_64_TO_32_BIT_CONVERSION = YES;
				GCC_WARN_ABOUT_RETURN_TYPE = YES_ERROR;
				GCC_WARN_UNDECLARED_SELECTOR = YES;
				GCC_WARN_UNINITIALIZED_AUTOS = YES_AGGRESSIVE;
				GCC_WARN_UNUSED_FUNCTION = YES;
				GCC_WARN_UNUSED_VARIABLE = YES;
				IPHONEOS_DEPLOYMENT_TARGET = 14.2;
				MTL_ENABLE_DEBUG_INFO = NO;
				MTL_FAST_MATH = YES;
				SDKROOT = iphoneos;
				SWIFT_COMPILATION_MODE = wholemodule;
				SWIFT_OPTIMIZATION_LEVEL = "-O";
				VALIDATE_PRODUCT = YES;
			};
			name = Release;
		};
		C91EEF8725B9960900D8A13E /* Debug */ = {
			isa = XCBuildConfiguration;
			buildSettings = {
				ASSETCATALOG_COMPILER_APPICON_NAME = AppIcon;
				ASSETCATALOG_COMPILER_GLOBAL_ACCENT_COLOR_NAME = AccentColor;
				CODE_SIGN_STYLE = Automatic;
				DEVELOPMENT_ASSET_PATHS = "\"BlizzardAPITestsWithOAuth2/Preview Content\"";
				DEVELOPMENT_TEAM = 7U8H9SK8NB;
				ENABLE_PREVIEWS = YES;
				INFOPLIST_FILE = BlizzardAPITestsWithOAuth2/Info.plist;
				IPHONEOS_DEPLOYMENT_TARGET = 14.0;
				LD_RUNPATH_SEARCH_PATHS = (
					"$(inherited)",
					"@executable_path/Frameworks",
				);
				PRODUCT_BUNDLE_IDENTIFIER = com.andrasPal.BlizzardAPITestsWithOAuth2;
				PRODUCT_NAME = "$(TARGET_NAME)";
				SWIFT_VERSION = 5.0;
				TARGETED_DEVICE_FAMILY = "1,2";
			};
			name = Debug;
		};
		C91EEF8825B9960900D8A13E /* Release */ = {
			isa = XCBuildConfiguration;
			buildSettings = {
				ASSETCATALOG_COMPILER_APPICON_NAME = AppIcon;
				ASSETCATALOG_COMPILER_GLOBAL_ACCENT_COLOR_NAME = AccentColor;
				CODE_SIGN_STYLE = Automatic;
				DEVELOPMENT_ASSET_PATHS = "\"BlizzardAPITestsWithOAuth2/Preview Content\"";
				DEVELOPMENT_TEAM = 7U8H9SK8NB;
				ENABLE_PREVIEWS = YES;
				INFOPLIST_FILE = BlizzardAPITestsWithOAuth2/Info.plist;
				IPHONEOS_DEPLOYMENT_TARGET = 14.0;
				LD_RUNPATH_SEARCH_PATHS = (
					"$(inherited)",
					"@executable_path/Frameworks",
				);
				PRODUCT_BUNDLE_IDENTIFIER = com.andrasPal.BlizzardAPITestsWithOAuth2;
				PRODUCT_NAME = "$(TARGET_NAME)";
				SWIFT_VERSION = 5.0;
				TARGETED_DEVICE_FAMILY = "1,2";
			};
			name = Release;
		};
/* End XCBuildConfiguration section */

/* Begin XCConfigurationList section */
		C91EEF7225B9960500D8A13E /* Build configuration list for PBXProject "BlizzardAPITestsWithOAuth2" */ = {
			isa = XCConfigurationList;
			buildConfigurations = (
				C91EEF8425B9960900D8A13E /* Debug */,
				C91EEF8525B9960900D8A13E /* Release */,
			);
			defaultConfigurationIsVisible = 0;
			defaultConfigurationName = Release;
		};
		C91EEF8625B9960900D8A13E /* Build configuration list for PBXNativeTarget "BlizzardAPITestsWithOAuth2" */ = {
			isa = XCConfigurationList;
			buildConfigurations = (
				C91EEF8725B9960900D8A13E /* Debug */,
				C91EEF8825B9960900D8A13E /* Release */,
			);
			defaultConfigurationIsVisible = 0;
			defaultConfigurationName = Release;
		};
/* End XCConfigurationList section */
	};
	rootObject = C91EEF6F25B9960500D8A13E /* Project object */;
}
